
Microsoft Visual Studio Solution File, Format Version 12.00
# Visual Studio Version 16
VisualStudioVersion = 16.0.30114.105
MinimumVisualStudioVersion = 10.0.40219.1
Project("{FAE04EC0-301F-11D3-BF4B-00C04F79EFBC}") = "API", "API\API.csproj", "{302607AA-051C-410B-B20D-4E2CC9713579}"
EndProject
Project("{FAE04EC0-301F-11D3-BF4B-00C04F79EFBC}") = "Core", "Core\Core.csproj", "{9535BA7C-69FF-468D-BDF1-6738427DB194}"
EndProject
Project("{FAE04EC0-301F-11D3-BF4B-00C04F79EFBC}") = "Infraestructura", "Infraestructura\Infraestructura.csproj", "{20299A58-F4F4-4575-B29D-DCE713428163}"
EndProject
Global
	GlobalSection(SolutionConfigurationPlatforms) = preSolution
		Debug|Any CPU = Debug|Any CPU
		Release|Any CPU = Release|Any CPU
	EndGlobalSection
	GlobalSection(SolutionProperties) = preSolution
		HideSolutionNode = FALSE
	EndGlobalSection
	GlobalSection(ProjectConfigurationPlatforms) = postSolution
		{302607AA-051C-410B-B20D-4E2CC9713579}.Debug|Any CPU.ActiveCfg = Debug|Any CPU
		{302607AA-051C-410B-B20D-4E2CC9713579}.Debug|Any CPU.Build.0 = Debug|Any CPU
		{302607AA-051C-410B-B20D-4E2CC9713579}.Release|Any CPU.ActiveCfg = Release|Any CPU
		{302607AA-051C-410B-B20D-4E2CC9713579}.Release|Any CPU.Build.0 = Release|Any CPU
		{9535BA7C-69FF-468D-BDF1-6738427DB194}.Debug|Any CPU.ActiveCfg = Debug|Any CPU
		{9535BA7C-69FF-468D-BDF1-6738427DB194}.Debug|Any CPU.Build.0 = Debug|Any CPU
		{9535BA7C-69FF-468D-BDF1-6738427DB194}.Release|Any CPU.ActiveCfg = Release|Any CPU
		{9535BA7C-69FF-468D-BDF1-6738427DB194}.Release|Any CPU.Build.0 = Release|Any CPU
		{20299A58-F4F4-4575-B29D-DCE713428163}.Debug|Any CPU.ActiveCfg = Debug|Any CPU
		{20299A58-F4F4-4575-B29D-DCE713428163}.Debug|Any CPU.Build.0 = Debug|Any CPU
		{20299A58-F4F4-4575-B29D-DCE713428163}.Release|Any CPU.ActiveCfg = Release|Any CPU
		{20299A58-F4F4-4575-B29D-DCE713428163}.Release|Any CPU.Build.0 = Release|Any CPU
	EndGlobalSection
EndGlobal
